
Microsoft Visual Studio Solution File, Format Version 12.00
# Visual Studio Version 17
VisualStudioVersion = 17.4.33213.308
MinimumVisualStudioVersion = 10.0.40219.1
Project("{FAE04EC0-301F-11D3-BF4B-00C04F79EFBC}") = "Week15OOP-Files", "Week15OOP-Files\Week15OOP-Files.csproj", "{324C67AF-29B0-4D43-B9CF-E6B722FBAB7C}"
EndProject
Global
	GlobalSection(SolutionConfigurationPlatforms) = preSolution
		Debug|Any CPU = Debug|Any CPU
		Release|Any CPU = Release|Any CPU
	EndGlobalSection
	GlobalSection(ProjectConfigurationPlatforms) = postSolution
		{324C67AF-29B0-4D43-B9CF-E6B722FBAB7C}.Debug|Any CPU.ActiveCfg = Debug|Any CPU
		{324C67AF-29B0-4D43-B9CF-E6B722FBAB7C}.Debug|Any CPU.Build.0 = Debug|Any CPU
		{324C67AF-29B0-4D43-B9CF-E6B722FBAB7C}.Release|Any CPU.ActiveCfg = Release|Any CPU
		{324C67AF-29B0-4D43-B9CF-E6B722FBAB7C}.Release|Any CPU.Build.0 = Release|Any CPU
	EndGlobalSection
	GlobalSection(SolutionProperties) = preSolution
		HideSolutionNode = FALSE
	EndGlobalSection
	GlobalSection(ExtensibilityGlobals) = postSolution
		SolutionGuid = {BC4EBE2F-AC5E-4E34-90DD-B0D52D998F16}
	EndGlobalSection
EndGlobal
